
Microsoft Visual Studio Solution File, Format Version 12.00
# Visual Studio Version 16
VisualStudioVersion = 16.0.29409.12
MinimumVisualStudioVersion = 10.0.40219.1
Project("{FAE04EC0-301F-11D3-BF4B-00C04F79EFBC}") = "Ornek_Kodlar_Hafta5", "Ornek_Kodlar_Hafta5\Ornek_Kodlar_Hafta5.csproj", "{FC4891A8-D938-43B7-91CC-56419DD5CFD6}"
EndProject
Global
	GlobalSection(SolutionConfigurationPlatforms) = preSolution
		Debug|Any CPU = Debug|Any CPU
		Release|Any CPU = Release|Any CPU
	EndGlobalSection
	GlobalSection(ProjectConfigurationPlatforms) = postSolution
		{FC4891A8-D938-43B7-91CC-56419DD5CFD6}.Debug|Any CPU.ActiveCfg = Debug|Any CPU
		{FC4891A8-D938-43B7-91CC-56419DD5CFD6}.Debug|Any CPU.Build.0 = Debug|Any CPU
		{FC4891A8-D938-43B7-91CC-56419DD5CFD6}.Release|Any CPU.ActiveCfg = Release|Any CPU
		{FC4891A8-D938-43B7-91CC-56419DD5CFD6}.Release|Any CPU.Build.0 = Release|Any CPU
	EndGlobalSection
	GlobalSection(SolutionProperties) = preSolution
		HideSolutionNode = FALSE
	EndGlobalSection
	GlobalSection(ExtensibilityGlobals) = postSolution
		SolutionGuid = {21454134-F05E-4AAF-B044-FD858CD44442}
	EndGlobalSection
EndGlobal
