
Microsoft Visual Studio Solution File, Format Version 12.00
# Visual Studio Version 16
VisualStudioVersion = 16.0.29424.173
MinimumVisualStudioVersion = 10.0.40219.1
Project("{FAE04EC0-301F-11D3-BF4B-00C04F79EFBC}") = "iki_boyutlu_dizi", "iki_boyutlu_dizi\iki_boyutlu_dizi.csproj", "{5E0775E9-27C2-47F1-B2A0-5E985DBA63CF}"
EndProject
Global
	GlobalSection(SolutionConfigurationPlatforms) = preSolution
		Debug|Any CPU = Debug|Any CPU
		Release|Any CPU = Release|Any CPU
	EndGlobalSection
	GlobalSection(ProjectConfigurationPlatforms) = postSolution
		{5E0775E9-27C2-47F1-B2A0-5E985DBA63CF}.Debug|Any CPU.ActiveCfg = Debug|Any CPU
		{5E0775E9-27C2-47F1-B2A0-5E985DBA63CF}.Debug|Any CPU.Build.0 = Debug|Any CPU
		{5E0775E9-27C2-47F1-B2A0-5E985DBA63CF}.Release|Any CPU.ActiveCfg = Release|Any CPU
		{5E0775E9-27C2-47F1-B2A0-5E985DBA63CF}.Release|Any CPU.Build.0 = Release|Any CPU
	EndGlobalSection
	GlobalSection(SolutionProperties) = preSolution
		HideSolutionNode = FALSE
	EndGlobalSection
	GlobalSection(ExtensibilityGlobals) = postSolution
		SolutionGuid = {55D9D088-D1DC-4CAB-9DFC-591847DB52E1}
	EndGlobalSection
EndGlobal
