
Microsoft Visual Studio Solution File, Format Version 12.00
# Visual Studio Version 16
VisualStudioVersion = 16.0.29424.173
MinimumVisualStudioVersion = 10.0.40219.1
Project("{FAE04EC0-301F-11D3-BF4B-00C04F79EFBC}") = "5e Bölünüp 7ye Bölünmeyen Sayıların Toplamı", "5e Bölünüp 7ye Bölünmeyen Sayıların Toplamı\5e Bölünüp 7ye Bölünmeyen Sayıların Toplamı.csproj", "{ACFB036B-AF4D-4456-B13A-163145AB0AE4}"
EndProject
Global
	GlobalSection(SolutionConfigurationPlatforms) = preSolution
		Debug|Any CPU = Debug|Any CPU
		Release|Any CPU = Release|Any CPU
	EndGlobalSection
	GlobalSection(ProjectConfigurationPlatforms) = postSolution
		{ACFB036B-AF4D-4456-B13A-163145AB0AE4}.Debug|Any CPU.ActiveCfg = Debug|Any CPU
		{ACFB036B-AF4D-4456-B13A-163145AB0AE4}.Debug|Any CPU.Build.0 = Debug|Any CPU
		{ACFB036B-AF4D-4456-B13A-163145AB0AE4}.Release|Any CPU.ActiveCfg = Release|Any CPU
		{ACFB036B-AF4D-4456-B13A-163145AB0AE4}.Release|Any CPU.Build.0 = Release|Any CPU
	EndGlobalSection
	GlobalSection(SolutionProperties) = preSolution
		HideSolutionNode = FALSE
	EndGlobalSection
	GlobalSection(ExtensibilityGlobals) = postSolution
		SolutionGuid = {C765E29A-C641-4D66-8B7D-24D910903675}
	EndGlobalSection
EndGlobal
