
Microsoft Visual Studio Solution File, Format Version 12.00
# Visual Studio Version 16
VisualStudioVersion = 16.0.29424.173
MinimumVisualStudioVersion = 10.0.40219.1
Project("{FAE04EC0-301F-11D3-BF4B-00C04F79EFBC}") = "Ornek8(yazilimkodlama)", "Ornek8(yazilimkodlama)\Ornek8(yazilimkodlama).csproj", "{80E9CCCC-373F-4007-A8A0-F26AC96CF728}"
EndProject
Global
	GlobalSection(SolutionConfigurationPlatforms) = preSolution
		Debug|Any CPU = Debug|Any CPU
		Release|Any CPU = Release|Any CPU
	EndGlobalSection
	GlobalSection(ProjectConfigurationPlatforms) = postSolution
		{80E9CCCC-373F-4007-A8A0-F26AC96CF728}.Debug|Any CPU.ActiveCfg = Debug|Any CPU
		{80E9CCCC-373F-4007-A8A0-F26AC96CF728}.Debug|Any CPU.Build.0 = Debug|Any CPU
		{80E9CCCC-373F-4007-A8A0-F26AC96CF728}.Release|Any CPU.ActiveCfg = Release|Any CPU
		{80E9CCCC-373F-4007-A8A0-F26AC96CF728}.Release|Any CPU.Build.0 = Release|Any CPU
	EndGlobalSection
	GlobalSection(SolutionProperties) = preSolution
		HideSolutionNode = FALSE
	EndGlobalSection
	GlobalSection(ExtensibilityGlobals) = postSolution
		SolutionGuid = {1CAF6883-0DE4-4F84-87AC-955E2B749C68}
	EndGlobalSection
EndGlobal
