
Microsoft Visual Studio Solution File, Format Version 12.00
# Visual Studio 15
VisualStudioVersion = 15.0.28010.2046
MinimumVisualStudioVersion = 10.0.40219.1
Project("{FAE04EC0-301F-11D3-BF4B-00C04F79EFBC}") = "ConsoleApp8", "ConsoleApp8\ConsoleApp8.csproj", "{BE972978-1EAB-45E1-9FB8-DE2E37990CF8}"
EndProject
Global
	GlobalSection(SolutionConfigurationPlatforms) = preSolution
		Debug|Any CPU = Debug|Any CPU
		Release|Any CPU = Release|Any CPU
	EndGlobalSection
	GlobalSection(ProjectConfigurationPlatforms) = postSolution
		{BE972978-1EAB-45E1-9FB8-DE2E37990CF8}.Debug|Any CPU.ActiveCfg = Debug|Any CPU
		{BE972978-1EAB-45E1-9FB8-DE2E37990CF8}.Debug|Any CPU.Build.0 = Debug|Any CPU
		{BE972978-1EAB-45E1-9FB8-DE2E37990CF8}.Release|Any CPU.ActiveCfg = Release|Any CPU
		{BE972978-1EAB-45E1-9FB8-DE2E37990CF8}.Release|Any CPU.Build.0 = Release|Any CPU
	EndGlobalSection
	GlobalSection(SolutionProperties) = preSolution
		HideSolutionNode = FALSE
	EndGlobalSection
	GlobalSection(ExtensibilityGlobals) = postSolution
		SolutionGuid = {C8EEDC70-E359-4127-BFA7-EAE621C2ED8A}
	EndGlobalSection
EndGlobal
