
Microsoft Visual Studio Solution File, Format Version 12.00
# Visual Studio Version 16
VisualStudioVersion = 16.0.29424.173
MinimumVisualStudioVersion = 10.0.40219.1
Project("{FAE04EC0-301F-11D3-BF4B-00C04F79EFBC}") = "For Döngüsü İle Toplama", "For Döngüsü İle Toplama\For Döngüsü İle Toplama.csproj", "{46E26CFD-4DBE-49EA-A876-7CED6683CFA3}"
EndProject
Global
	GlobalSection(SolutionConfigurationPlatforms) = preSolution
		Debug|Any CPU = Debug|Any CPU
		Release|Any CPU = Release|Any CPU
	EndGlobalSection
	GlobalSection(ProjectConfigurationPlatforms) = postSolution
		{46E26CFD-4DBE-49EA-A876-7CED6683CFA3}.Debug|Any CPU.ActiveCfg = Debug|Any CPU
		{46E26CFD-4DBE-49EA-A876-7CED6683CFA3}.Debug|Any CPU.Build.0 = Debug|Any CPU
		{46E26CFD-4DBE-49EA-A876-7CED6683CFA3}.Release|Any CPU.ActiveCfg = Release|Any CPU
		{46E26CFD-4DBE-49EA-A876-7CED6683CFA3}.Release|Any CPU.Build.0 = Release|Any CPU
	EndGlobalSection
	GlobalSection(SolutionProperties) = preSolution
		HideSolutionNode = FALSE
	EndGlobalSection
	GlobalSection(ExtensibilityGlobals) = postSolution
		SolutionGuid = {167BF24C-D1DF-4AE0-A167-7BD6B070958D}
	EndGlobalSection
EndGlobal
