
Microsoft Visual Studio Solution File, Format Version 12.00
# Visual Studio Version 16
VisualStudioVersion = 16.0.29424.173
MinimumVisualStudioVersion = 10.0.40219.1
Project("{FAE04EC0-301F-11D3-BF4B-00C04F79EFBC}") = "asal sayılar", "asal sayılar\asal sayılar.csproj", "{8EA6BB21-88F9-45B4-888B-74E72A43FAD0}"
EndProject
Global
	GlobalSection(SolutionConfigurationPlatforms) = preSolution
		Debug|Any CPU = Debug|Any CPU
		Release|Any CPU = Release|Any CPU
	EndGlobalSection
	GlobalSection(ProjectConfigurationPlatforms) = postSolution
		{8EA6BB21-88F9-45B4-888B-74E72A43FAD0}.Debug|Any CPU.ActiveCfg = Debug|Any CPU
		{8EA6BB21-88F9-45B4-888B-74E72A43FAD0}.Debug|Any CPU.Build.0 = Debug|Any CPU
		{8EA6BB21-88F9-45B4-888B-74E72A43FAD0}.Release|Any CPU.ActiveCfg = Release|Any CPU
		{8EA6BB21-88F9-45B4-888B-74E72A43FAD0}.Release|Any CPU.Build.0 = Release|Any CPU
	EndGlobalSection
	GlobalSection(SolutionProperties) = preSolution
		HideSolutionNode = FALSE
	EndGlobalSection
	GlobalSection(ExtensibilityGlobals) = postSolution
		SolutionGuid = {283D0334-5982-4C6D-9191-F419A80CCEF9}
	EndGlobalSection
EndGlobal
