
Microsoft Visual Studio Solution File, Format Version 12.00
# Visual Studio Version 16
VisualStudioVersion = 16.0.29424.173
MinimumVisualStudioVersion = 10.0.40219.1
Project("{FAE04EC0-301F-11D3-BF4B-00C04F79EFBC}") = "Bölüm Kalanı Gösterme", "Bölüm Kalanı Gösterme\Bölüm Kalanı Gösterme.csproj", "{A8482B13-B3AF-477C-9344-6C6868C59667}"
EndProject
Global
	GlobalSection(SolutionConfigurationPlatforms) = preSolution
		Debug|Any CPU = Debug|Any CPU
		Release|Any CPU = Release|Any CPU
	EndGlobalSection
	GlobalSection(ProjectConfigurationPlatforms) = postSolution
		{A8482B13-B3AF-477C-9344-6C6868C59667}.Debug|Any CPU.ActiveCfg = Debug|Any CPU
		{A8482B13-B3AF-477C-9344-6C6868C59667}.Debug|Any CPU.Build.0 = Debug|Any CPU
		{A8482B13-B3AF-477C-9344-6C6868C59667}.Release|Any CPU.ActiveCfg = Release|Any CPU
		{A8482B13-B3AF-477C-9344-6C6868C59667}.Release|Any CPU.Build.0 = Release|Any CPU
	EndGlobalSection
	GlobalSection(SolutionProperties) = preSolution
		HideSolutionNode = FALSE
	EndGlobalSection
	GlobalSection(ExtensibilityGlobals) = postSolution
		SolutionGuid = {A6EB46B2-6229-4209-9373-842E88298589}
	EndGlobalSection
EndGlobal
