
Microsoft Visual Studio Solution File, Format Version 12.00
# Visual Studio Version 16
VisualStudioVersion = 16.0.29424.173
MinimumVisualStudioVersion = 10.0.40219.1
Project("{FAE04EC0-301F-11D3-BF4B-00C04F79EFBC}") = "hafta6devam", "hafta6devam\hafta6devam.csproj", "{001656BC-C270-457E-AFD1-3B1D14A3F7E3}"
EndProject
Global
	GlobalSection(SolutionConfigurationPlatforms) = preSolution
		Debug|Any CPU = Debug|Any CPU
		Release|Any CPU = Release|Any CPU
	EndGlobalSection
	GlobalSection(ProjectConfigurationPlatforms) = postSolution
		{001656BC-C270-457E-AFD1-3B1D14A3F7E3}.Debug|Any CPU.ActiveCfg = Debug|Any CPU
		{001656BC-C270-457E-AFD1-3B1D14A3F7E3}.Debug|Any CPU.Build.0 = Debug|Any CPU
		{001656BC-C270-457E-AFD1-3B1D14A3F7E3}.Release|Any CPU.ActiveCfg = Release|Any CPU
		{001656BC-C270-457E-AFD1-3B1D14A3F7E3}.Release|Any CPU.Build.0 = Release|Any CPU
	EndGlobalSection
	GlobalSection(SolutionProperties) = preSolution
		HideSolutionNode = FALSE
	EndGlobalSection
	GlobalSection(ExtensibilityGlobals) = postSolution
		SolutionGuid = {929F55C3-2DAF-4702-8E05-5C9063C890D0}
	EndGlobalSection
EndGlobal
